
Microsoft Visual Studio Solution File, Format Version 12.00
# Visual Studio Version 16
VisualStudioVersion = 16.0.29418.71
MinimumVisualStudioVersion = 10.0.40219.1
Project("{9A19103F-16F7-4668-BE54-9A1E7A4F7556}") = "WebApplication3", "WebApplication3\WebApplication3.csproj", "{04A5DCBA-7940-43C7-BD50-F1E10149529E}"
EndProject
Project("{FAE04EC0-301F-11D3-BF4B-00C04F79EFBC}") = "XUnitTestProject2", "XUnitTestProject2\XUnitTestProject2.csproj", "{7319ACB4-0932-4043-B946-B7D05D2C1B7F}"
EndProject
Global
	GlobalSection(SolutionConfigurationPlatforms) = preSolution
		Debug|Any CPU = Debug|Any CPU
		Release|Any CPU = Release|Any CPU
	EndGlobalSection
	GlobalSection(ProjectConfigurationPlatforms) = postSolution
		{04A5DCBA-7940-43C7-BD50-F1E10149529E}.Debug|Any CPU.ActiveCfg = Debug|Any CPU
		{04A5DCBA-7940-43C7-BD50-F1E10149529E}.Debug|Any CPU.Build.0 = Debug|Any CPU
		{04A5DCBA-7940-43C7-BD50-F1E10149529E}.Release|Any CPU.ActiveCfg = Release|Any CPU
		{04A5DCBA-7940-43C7-BD50-F1E10149529E}.Release|Any CPU.Build.0 = Release|Any CPU
		{7319ACB4-0932-4043-B946-B7D05D2C1B7F}.Debug|Any CPU.ActiveCfg = Debug|Any CPU
		{7319ACB4-0932-4043-B946-B7D05D2C1B7F}.Debug|Any CPU.Build.0 = Debug|Any CPU
		{7319ACB4-0932-4043-B946-B7D05D2C1B7F}.Release|Any CPU.ActiveCfg = Release|Any CPU
		{7319ACB4-0932-4043-B946-B7D05D2C1B7F}.Release|Any CPU.Build.0 = Release|Any CPU
	EndGlobalSection
	GlobalSection(SolutionProperties) = preSolution
		HideSolutionNode = FALSE
	EndGlobalSection
	GlobalSection(ExtensibilityGlobals) = postSolution
		SolutionGuid = {8CFCD957-07B3-4DF6-89A8-68FE077E6F70}
	EndGlobalSection
EndGlobal
